
Microsoft Visual Studio Solution File, Format Version 12.00
# Visual Studio Version 17
VisualStudioVersion = 17.4.33205.214
MinimumVisualStudioVersion = 10.0.40219.1
Project("{FAE04EC0-301F-11D3-BF4B-00C04F79EFBC}") = "BinerySearchCSharp", "BinerySearchCSharp\BinerySearchCSharp.csproj", "{AC77EF94-D03A-4064-BD68-0DF4A99CBCD1}"
EndProject
Global
	GlobalSection(SolutionConfigurationPlatforms) = preSolution
		Debug|Any CPU = Debug|Any CPU
		Release|Any CPU = Release|Any CPU
	EndGlobalSection
	GlobalSection(ProjectConfigurationPlatforms) = postSolution
		{AC77EF94-D03A-4064-BD68-0DF4A99CBCD1}.Debug|Any CPU.ActiveCfg = Debug|Any CPU
		{AC77EF94-D03A-4064-BD68-0DF4A99CBCD1}.Debug|Any CPU.Build.0 = Debug|Any CPU
		{AC77EF94-D03A-4064-BD68-0DF4A99CBCD1}.Release|Any CPU.ActiveCfg = Release|Any CPU
		{AC77EF94-D03A-4064-BD68-0DF4A99CBCD1}.Release|Any CPU.Build.0 = Release|Any CPU
	EndGlobalSection
	GlobalSection(SolutionProperties) = preSolution
		HideSolutionNode = FALSE
	EndGlobalSection
	GlobalSection(ExtensibilityGlobals) = postSolution
		SolutionGuid = {055149C1-FDC8-46E5-9553-A19741021A3F}
	EndGlobalSection
EndGlobal
